// !$*UTF8*$!
{
	archiveVersion = 1;
	classes = {
	};
	objectVersion = 56;
	objects = {

/* Begin PBXBuildFile section */
		1E3D31A829296EA2007A60CB /* SPNError.swift in Sources */ = {isa = PBXBuildFile; fileRef = 1E3D31A729296EA2007A60CB /* SPNError.swift */; };
		1E3D31AA2929748A007A60CB /* SPNSortingOptions.swift in Sources */ = {isa = PBXBuildFile; fileRef = 1E3D31A92929748A007A60CB /* SPNSortingOptions.swift */; };
		1E3D31AD292975D3007A60CB /* SPNRestaurantDetailItemView.swift in Sources */ = {isa = PBXBuildFile; fileRef = 1E3D31AC292975D3007A60CB /* SPNRestaurantDetailItemView.swift */; };
		1E3D31AF29297788007A60CB /* SPNRestaurantDetailItemType.swift in Sources */ = {isa = PBXBuildFile; fileRef = 1E3D31AE29297788007A60CB /* SPNRestaurantDetailItemType.swift */; };
		1E3D31B6292AA953007A60CB /* TestSPNRestaurantListController.swift in Sources */ = {isa = PBXBuildFile; fileRef = 1E3D31B5292AA953007A60CB /* TestSPNRestaurantListController.swift */; };
		1E3D31B8292AA967007A60CB /* TestSPNRestaurantListTableViewModel.swift in Sources */ = {isa = PBXBuildFile; fileRef = 1E3D31B7292AA967007A60CB /* TestSPNRestaurantListTableViewModel.swift */; };
		1E3D31BB292AA991007A60CB /* SPNRestaurantListMockRepository.swift in Sources */ = {isa = PBXBuildFile; fileRef = 1E3D31BA292AA991007A60CB /* SPNRestaurantListMockRepository.swift */; };
		1EA5285229281F4C00385DAB /* SPNSortListViewController.swift in Sources */ = {isa = PBXBuildFile; fileRef = 1EA5285129281F4C00385DAB /* SPNSortListViewController.swift */; };
		1EA528552928267700385DAB /* SPNRestaurantRatingEntity.swift in Sources */ = {isa = PBXBuildFile; fileRef = 1EA528542928267700385DAB /* SPNRestaurantRatingEntity.swift */; };
		1EE7C52529230BD0004D3224 /* AppDelegate.swift in Sources */ = {isa = PBXBuildFile; fileRef = 1EE7C52429230BD0004D3224 /* AppDelegate.swift */; };
		1EE7C52E29230BD1004D3224 /* Assets.xcassets in Resources */ = {isa = PBXBuildFile; fileRef = 1EE7C52D29230BD1004D3224 /* Assets.xcassets */; };
		1EE7C53129230BD1004D3224 /* LaunchScreen.storyboard in Resources */ = {isa = PBXBuildFile; fileRef = 1EE7C52F29230BD1004D3224 /* LaunchScreen.storyboard */; };
		1EE7C55529230CBC004D3224 /* SPNRestaurantListViewController.swift in Sources */ = {isa = PBXBuildFile; fileRef = 1EE7C55429230CBC004D3224 /* SPNRestaurantListViewController.swift */; };
		1EE7C55729230E57004D3224 /* SPNRestaurantListTableViewCell.swift in Sources */ = {isa = PBXBuildFile; fileRef = 1EE7C55629230E57004D3224 /* SPNRestaurantListTableViewCell.swift */; };
		1EE7C55929230F29004D3224 /* SPNRestaurantStore.swift in Sources */ = {isa = PBXBuildFile; fileRef = 1EE7C55829230F29004D3224 /* SPNRestaurantStore.swift */; };
		1EE7C55B29230F63004D3224 /* SPNRestaurantDTO.swift in Sources */ = {isa = PBXBuildFile; fileRef = 1EE7C55A29230F63004D3224 /* SPNRestaurantDTO.swift */; };
		1EE7C55D29230F8B004D3224 /* SPNRestaurantAPI.swift in Sources */ = {isa = PBXBuildFile; fileRef = 1EE7C55C29230F8B004D3224 /* SPNRestaurantAPI.swift */; };
		1EE7C55F292310FE004D3224 /* SPNRestaurantPayloadDTO.swift in Sources */ = {isa = PBXBuildFile; fileRef = 1EE7C55E292310FE004D3224 /* SPNRestaurantPayloadDTO.swift */; };
		1EE7C56329240EC8004D3224 /* SPNRestaurantAddressDTO.swift in Sources */ = {isa = PBXBuildFile; fileRef = 1EE7C56229240EC8004D3224 /* SPNRestaurantAddressDTO.swift */; };
		1EE7C56529240F5F004D3224 /* SPNRestaurantBestOfferDTO.swift in Sources */ = {isa = PBXBuildFile; fileRef = 1EE7C56429240F5F004D3224 /* SPNRestaurantBestOfferDTO.swift */; };
		1EE7C56729240FA7004D3224 /* SPNRestaurantRatingDTO.swift in Sources */ = {isa = PBXBuildFile; fileRef = 1EE7C56629240FA7004D3224 /* SPNRestaurantRatingDTO.swift */; };
		1EE7C56A29241163004D3224 /* SPNRestaurantAggregateRatingsDTO.swift in Sources */ = {isa = PBXBuildFile; fileRef = 1EE7C56929241163004D3224 /* SPNRestaurantAggregateRatingsDTO.swift */; };
		1EE7C56C292416D1004D3224 /* SPNRestaurantListController.swift in Sources */ = {isa = PBXBuildFile; fileRef = 1EE7C56B292416D1004D3224 /* SPNRestaurantListController.swift */; };
		1EE7C56E29241703004D3224 /* SPNRestaurantListRepository.swift in Sources */ = {isa = PBXBuildFile; fileRef = 1EE7C56D29241703004D3224 /* SPNRestaurantListRepository.swift */; };
		1EE7C57029241741004D3224 /* SPNRestaurantEntity.swift in Sources */ = {isa = PBXBuildFile; fileRef = 1EE7C56F29241741004D3224 /* SPNRestaurantEntity.swift */; };
		1EE7C57229241765004D3224 /* SPNRestaurantListRemoteRepository.swift in Sources */ = {isa = PBXBuildFile; fileRef = 1EE7C57129241765004D3224 /* SPNRestaurantListRemoteRepository.swift */; };
		1EE7C5742924187C004D3224 /* SPNRestaurantAddressEntity.swift in Sources */ = {isa = PBXBuildFile; fileRef = 1EE7C5732924187C004D3224 /* SPNRestaurantAddressEntity.swift */; };
		1EE7C57729241A18004D3224 /* SPNRestaurantListDependencyContainer.swift in Sources */ = {isa = PBXBuildFile; fileRef = 1EE7C57629241A18004D3224 /* SPNRestaurantListDependencyContainer.swift */; };
		1EE7C57A29241A4B004D3224 /* HasRestaurantRepository.swift in Sources */ = {isa = PBXBuildFile; fileRef = 1EE7C57929241A4B004D3224 /* HasRestaurantRepository.swift */; };
		1EE7C57C29241A85004D3224 /* HasRestaurantStore.swift in Sources */ = {isa = PBXBuildFile; fileRef = 1EE7C57B29241A85004D3224 /* HasRestaurantStore.swift */; };
		1EE7C58429244DFF004D3224 /* SPNRestaurantListTableViewModel.swift in Sources */ = {isa = PBXBuildFile; fileRef = 1EE7C58329244DFF004D3224 /* SPNRestaurantListTableViewModel.swift */; };
		1EE7C58629245049004D3224 /* SPNRestaurantPhotosDTO.swift in Sources */ = {isa = PBXBuildFile; fileRef = 1EE7C58529245049004D3224 /* SPNRestaurantPhotosDTO.swift */; };
		1EE7C58829245251004D3224 /* SPNRestaurantPhotoDTO.swift in Sources */ = {isa = PBXBuildFile; fileRef = 1EE7C58729245251004D3224 /* SPNRestaurantPhotoDTO.swift */; };
		1EE7C58A292453D0004D3224 /* SPNRestaurantPhotoEntity.swift in Sources */ = {isa = PBXBuildFile; fileRef = 1EE7C589292453D0004D3224 /* SPNRestaurantPhotoEntity.swift */; };
/* End PBXBuildFile section */

/* Begin PBXContainerItemProxy section */
		1EE7C53829230BD1004D3224 /* PBXContainerItemProxy */ = {
			isa = PBXContainerItemProxy;
			containerPortal = 1EE7C51929230BD0004D3224 /* Project object */;
			proxyType = 1;
			remoteGlobalIDString = 1EE7C52029230BD0004D3224;
			remoteInfo = TheSpoon;
		};
/* End PBXContainerItemProxy section */

/* Begin PBXFileReference section */
		1E3D31A729296EA2007A60CB /* SPNError.swift */ = {isa = PBXFileReference; lastKnownFileType = sourcecode.swift; path = SPNError.swift; sourceTree = "<group>"; };
		1E3D31A92929748A007A60CB /* SPNSortingOptions.swift */ = {isa = PBXFileReference; lastKnownFileType = sourcecode.swift; path = SPNSortingOptions.swift; sourceTree = "<group>"; };
		1E3D31AC292975D3007A60CB /* SPNRestaurantDetailItemView.swift */ = {isa = PBXFileReference; lastKnownFileType = sourcecode.swift; path = SPNRestaurantDetailItemView.swift; sourceTree = "<group>"; };
		1E3D31AE29297788007A60CB /* SPNRestaurantDetailItemType.swift */ = {isa = PBXFileReference; lastKnownFileType = sourcecode.swift; path = SPNRestaurantDetailItemType.swift; sourceTree = "<group>"; };
		1E3D31B5292AA953007A60CB /* TestSPNRestaurantListController.swift */ = {isa = PBXFileReference; lastKnownFileType = sourcecode.swift; path = TestSPNRestaurantListController.swift; sourceTree = "<group>"; };
		1E3D31B7292AA967007A60CB /* TestSPNRestaurantListTableViewModel.swift */ = {isa = PBXFileReference; lastKnownFileType = sourcecode.swift; path = TestSPNRestaurantListTableViewModel.swift; sourceTree = "<group>"; };
		1E3D31BA292AA991007A60CB /* SPNRestaurantListMockRepository.swift */ = {isa = PBXFileReference; lastKnownFileType = sourcecode.swift; path = SPNRestaurantListMockRepository.swift; sourceTree = "<group>"; };
		1EA5285129281F4C00385DAB /* SPNSortListViewController.swift */ = {isa = PBXFileReference; lastKnownFileType = sourcecode.swift; path = SPNSortListViewController.swift; sourceTree = "<group>"; };
		1EA528542928267700385DAB /* SPNRestaurantRatingEntity.swift */ = {isa = PBXFileReference; lastKnownFileType = sourcecode.swift; path = SPNRestaurantRatingEntity.swift; sourceTree = "<group>"; };
		1EE7C52129230BD0004D3224 /* TheSpoon.app */ = {isa = PBXFileReference; explicitFileType = wrapper.application; includeInIndex = 0; path = TheSpoon.app; sourceTree = BUILT_PRODUCTS_DIR; };
		1EE7C52429230BD0004D3224 /* AppDelegate.swift */ = {isa = PBXFileReference; lastKnownFileType = sourcecode.swift; path = AppDelegate.swift; sourceTree = "<group>"; };
		1EE7C52D29230BD1004D3224 /* Assets.xcassets */ = {isa = PBXFileReference; lastKnownFileType = folder.assetcatalog; path = Assets.xcassets; sourceTree = "<group>"; };
		1EE7C53029230BD1004D3224 /* Base */ = {isa = PBXFileReference; lastKnownFileType = file.storyboard; name = Base; path = Base.lproj/LaunchScreen.storyboard; sourceTree = "<group>"; };
		1EE7C53229230BD1004D3224 /* Info.plist */ = {isa = PBXFileReference; lastKnownFileType = text.plist.xml; path = Info.plist; sourceTree = "<group>"; };
		1EE7C53729230BD1004D3224 /* TheSpoonTests.xctest */ = {isa = PBXFileReference; explicitFileType = wrapper.cfbundle; includeInIndex = 0; path = TheSpoonTests.xctest; sourceTree = BUILT_PRODUCTS_DIR; };
		1EE7C55429230CBC004D3224 /* SPNRestaurantListViewController.swift */ = {isa = PBXFileReference; lastKnownFileType = sourcecode.swift; path = SPNRestaurantListViewController.swift; sourceTree = "<group>"; };
		1EE7C55629230E57004D3224 /* SPNRestaurantListTableViewCell.swift */ = {isa = PBXFileReference; lastKnownFileType = sourcecode.swift; path = SPNRestaurantListTableViewCell.swift; sourceTree = "<group>"; };
		1EE7C55829230F29004D3224 /* SPNRestaurantStore.swift */ = {isa = PBXFileReference; lastKnownFileType = sourcecode.swift; path = SPNRestaurantStore.swift; sourceTree = "<group>"; };
		1EE7C55A29230F63004D3224 /* SPNRestaurantDTO.swift */ = {isa = PBXFileReference; lastKnownFileType = sourcecode.swift; path = SPNRestaurantDTO.swift; sourceTree = "<group>"; };
		1EE7C55C29230F8B004D3224 /* SPNRestaurantAPI.swift */ = {isa = PBXFileReference; lastKnownFileType = sourcecode.swift; path = SPNRestaurantAPI.swift; sourceTree = "<group>"; };
		1EE7C55E292310FE004D3224 /* SPNRestaurantPayloadDTO.swift */ = {isa = PBXFileReference; lastKnownFileType = sourcecode.swift; path = SPNRestaurantPayloadDTO.swift; sourceTree = "<group>"; };
		1EE7C56229240EC8004D3224 /* SPNRestaurantAddressDTO.swift */ = {isa = PBXFileReference; lastKnownFileType = sourcecode.swift; path = SPNRestaurantAddressDTO.swift; sourceTree = "<group>"; };
		1EE7C56429240F5F004D3224 /* SPNRestaurantBestOfferDTO.swift */ = {isa = PBXFileReference; lastKnownFileType = sourcecode.swift; path = SPNRestaurantBestOfferDTO.swift; sourceTree = "<group>"; };
		1EE7C56629240FA7004D3224 /* SPNRestaurantRatingDTO.swift */ = {isa = PBXFileReference; lastKnownFileType = sourcecode.swift; path = SPNRestaurantRatingDTO.swift; sourceTree = "<group>"; };
		1EE7C56929241163004D3224 /* SPNRestaurantAggregateRatingsDTO.swift */ = {isa = PBXFileReference; lastKnownFileType = sourcecode.swift; path = SPNRestaurantAggregateRatingsDTO.swift; sourceTree = "<group>"; };
		1EE7C56B292416D1004D3224 /* SPNRestaurantListController.swift */ = {isa = PBXFileReference; lastKnownFileType = sourcecode.swift; path = SPNRestaurantListController.swift; sourceTree = "<group>"; };
		1EE7C56D29241703004D3224 /* SPNRestaurantListRepository.swift */ = {isa = PBXFileReference; lastKnownFileType = sourcecode.swift; path = SPNRestaurantListRepository.swift; sourceTree = "<group>"; };
		1EE7C56F29241741004D3224 /* SPNRestaurantEntity.swift */ = {isa = PBXFileReference; lastKnownFileType = sourcecode.swift; path = SPNRestaurantEntity.swift; sourceTree = "<group>"; };
		1EE7C57129241765004D3224 /* SPNRestaurantListRemoteRepository.swift */ = {isa = PBXFileReference; lastKnownFileType = sourcecode.swift; path = SPNRestaurantListRemoteRepository.swift; sourceTree = "<group>"; };
		1EE7C5732924187C004D3224 /* SPNRestaurantAddressEntity.swift */ = {isa = PBXFileReference; lastKnownFileType = sourcecode.swift; path = SPNRestaurantAddressEntity.swift; sourceTree = "<group>"; };
		1EE7C57629241A18004D3224 /* SPNRestaurantListDependencyContainer.swift */ = {isa = PBXFileReference; lastKnownFileType = sourcecode.swift; path = SPNRestaurantListDependencyContainer.swift; sourceTree = "<group>"; };
		1EE7C57929241A4B004D3224 /* HasRestaurantRepository.swift */ = {isa = PBXFileReference; lastKnownFileType = sourcecode.swift; path = HasRestaurantRepository.swift; sourceTree = "<group>"; };
		1EE7C57B29241A85004D3224 /* HasRestaurantStore.swift */ = {isa = PBXFileReference; lastKnownFileType = sourcecode.swift; path = HasRestaurantStore.swift; sourceTree = "<group>"; };
		1EE7C58329244DFF004D3224 /* SPNRestaurantListTableViewModel.swift */ = {isa = PBXFileReference; lastKnownFileType = sourcecode.swift; path = SPNRestaurantListTableViewModel.swift; sourceTree = "<group>"; };
		1EE7C58529245049004D3224 /* SPNRestaurantPhotosDTO.swift */ = {isa = PBXFileReference; lastKnownFileType = sourcecode.swift; path = SPNRestaurantPhotosDTO.swift; sourceTree = "<group>"; };
		1EE7C58729245251004D3224 /* SPNRestaurantPhotoDTO.swift */ = {isa = PBXFileReference; lastKnownFileType = sourcecode.swift; path = SPNRestaurantPhotoDTO.swift; sourceTree = "<group>"; };
		1EE7C589292453D0004D3224 /* SPNRestaurantPhotoEntity.swift */ = {isa = PBXFileReference; lastKnownFileType = sourcecode.swift; path = SPNRestaurantPhotoEntity.swift; sourceTree = "<group>"; };
/* End PBXFileReference section */

/* Begin PBXFrameworksBuildPhase section */
		1EE7C51E29230BD0004D3224 /* Frameworks */ = {
			isa = PBXFrameworksBuildPhase;
			buildActionMask = 2147483647;
			files = (
			);
			runOnlyForDeploymentPostprocessing = 0;
		};
		1EE7C53429230BD1004D3224 /* Frameworks */ = {
			isa = PBXFrameworksBuildPhase;
			buildActionMask = 2147483647;
			files = (
			);
			runOnlyForDeploymentPostprocessing = 0;
		};
/* End PBXFrameworksBuildPhase section */

/* Begin PBXGroup section */
		1E3D31AB29297494007A60CB /* Sorting */ = {
			isa = PBXGroup;
			children = (
				1EA5285129281F4C00385DAB /* SPNSortListViewController.swift */,
				1E3D31A92929748A007A60CB /* SPNSortingOptions.swift */,
			);
			path = Sorting;
			sourceTree = "<group>";
		};
		1E3D31B0292979D6007A60CB /* Detail */ = {
			isa = PBXGroup;
			children = (
				1E3D31AC292975D3007A60CB /* SPNRestaurantDetailItemView.swift */,
				1E3D31AE29297788007A60CB /* SPNRestaurantDetailItemType.swift */,
			);
			name = Detail;
			sourceTree = "<group>";
		};
		1E3D31B1292979E4007A60CB /* Common */ = {
			isa = PBXGroup;
			children = (
				1EA528532928266100385DAB /* Entities */,
				1EE7C56829240FBD004D3224 /* DTOs */,
				1E3D31A729296EA2007A60CB /* SPNError.swift */,
			);
			path = Common;
			sourceTree = "<group>";
		};
		1E3D31B2292AA772007A60CB /* Cell */ = {
			isa = PBXGroup;
			children = (
				1EE7C58329244DFF004D3224 /* SPNRestaurantListTableViewModel.swift */,
				1EE7C55629230E57004D3224 /* SPNRestaurantListTableViewCell.swift */,
			);
			path = Cell;
			sourceTree = "<group>";
		};
		1E3D31B3292AA77F007A60CB /* Repo */ = {
			isa = PBXGroup;
			children = (
				1EE7C56D29241703004D3224 /* SPNRestaurantListRepository.swift */,
				1EE7C57129241765004D3224 /* SPNRestaurantListRemoteRepository.swift */,
			);
			path = Repo;
			sourceTree = "<group>";
		};
		1E3D31B4292AA79E007A60CB /* API */ = {
			isa = PBXGroup;
			children = (
				1EE7C55829230F29004D3224 /* SPNRestaurantStore.swift */,
				1EE7C55C29230F8B004D3224 /* SPNRestaurantAPI.swift */,
			);
			path = API;
			sourceTree = "<group>";
		};
		1E3D31B9292AA975007A60CB /* Mocks */ = {
			isa = PBXGroup;
			children = (
				1E3D31BA292AA991007A60CB /* SPNRestaurantListMockRepository.swift */,
			);
			path = Mocks;
			sourceTree = "<group>";
		};
		1EA528532928266100385DAB /* Entities */ = {
			isa = PBXGroup;
			children = (
				1EE7C56F29241741004D3224 /* SPNRestaurantEntity.swift */,
				1EE7C589292453D0004D3224 /* SPNRestaurantPhotoEntity.swift */,
				1EE7C5732924187C004D3224 /* SPNRestaurantAddressEntity.swift */,
				1EA528542928267700385DAB /* SPNRestaurantRatingEntity.swift */,
			);
			path = Entities;
			sourceTree = "<group>";
		};
		1EE7C51829230BD0004D3224 = {
			isa = PBXGroup;
			children = (
				1EE7C52329230BD0004D3224 /* TheSpoon */,
				1EE7C53A29230BD1004D3224 /* TheSpoonTests */,
				1EE7C52229230BD0004D3224 /* Products */,
			);
			sourceTree = "<group>";
		};
		1EE7C52229230BD0004D3224 /* Products */ = {
			isa = PBXGroup;
			children = (
				1EE7C52129230BD0004D3224 /* TheSpoon.app */,
				1EE7C53729230BD1004D3224 /* TheSpoonTests.xctest */,
			);
			name = Products;
			sourceTree = "<group>";
		};
		1EE7C52329230BD0004D3224 /* TheSpoon */ = {
			isa = PBXGroup;
			children = (
				1E3D31B1292979E4007A60CB /* Common */,
				1E3D31B0292979D6007A60CB /* Detail */,
				1E3D31AB29297494007A60CB /* Sorting */,
				1EE7C57D29241CCE004D3224 /* List */,
				1EE7C57829241A3A004D3224 /* Dependencies */,
				1EE7C575292419FE004D3224 /* Dependency Containers */,
				1EE7C52429230BD0004D3224 /* AppDelegate.swift */,
				1EE7C52D29230BD1004D3224 /* Assets.xcassets */,
				1EE7C52F29230BD1004D3224 /* LaunchScreen.storyboard */,
				1EE7C53229230BD1004D3224 /* Info.plist */,
			);
			path = TheSpoon;
			sourceTree = "<group>";
		};
		1EE7C53A29230BD1004D3224 /* TheSpoonTests */ = {
			isa = PBXGroup;
			children = (
				1E3D31B9292AA975007A60CB /* Mocks */,
				1E3D31B5292AA953007A60CB /* TestSPNRestaurantListController.swift */,
				1E3D31B7292AA967007A60CB /* TestSPNRestaurantListTableViewModel.swift */,
			);
			path = TheSpoonTests;
			sourceTree = "<group>";
		};
		1EE7C56829240FBD004D3224 /* DTOs */ = {
			isa = PBXGroup;
			children = (
				1EE7C55A29230F63004D3224 /* SPNRestaurantDTO.swift */,
				1EE7C56629240FA7004D3224 /* SPNRestaurantRatingDTO.swift */,
				1EE7C56429240F5F004D3224 /* SPNRestaurantBestOfferDTO.swift */,
				1EE7C56229240EC8004D3224 /* SPNRestaurantAddressDTO.swift */,
				1EE7C55E292310FE004D3224 /* SPNRestaurantPayloadDTO.swift */,
				1EE7C56929241163004D3224 /* SPNRestaurantAggregateRatingsDTO.swift */,
				1EE7C58529245049004D3224 /* SPNRestaurantPhotosDTO.swift */,
				1EE7C58729245251004D3224 /* SPNRestaurantPhotoDTO.swift */,
			);
			path = DTOs;
			sourceTree = "<group>";
		};
		1EE7C575292419FE004D3224 /* Dependency Containers */ = {
			isa = PBXGroup;
			children = (
				1EE7C57629241A18004D3224 /* SPNRestaurantListDependencyContainer.swift */,
			);
			path = "Dependency Containers";
			sourceTree = "<group>";
		};
		1EE7C57829241A3A004D3224 /* Dependencies */ = {
			isa = PBXGroup;
			children = (
				1EE7C57929241A4B004D3224 /* HasRestaurantRepository.swift */,
				1EE7C57B29241A85004D3224 /* HasRestaurantStore.swift */,
			);
			path = Dependencies;
			sourceTree = "<group>";
		};
		1EE7C57D29241CCE004D3224 /* List */ = {
			isa = PBXGroup;
			children = (
				1E3D31B4292AA79E007A60CB /* API */,
				1E3D31B3292AA77F007A60CB /* Repo */,
				1E3D31B2292AA772007A60CB /* Cell */,
				1EE7C55429230CBC004D3224 /* SPNRestaurantListViewController.swift */,
				1EE7C56B292416D1004D3224 /* SPNRestaurantListController.swift */,
			);
			path = List;
			sourceTree = "<group>";
		};
/* End PBXGroup section */

/* Begin PBXNativeTarget section */
		1EE7C52029230BD0004D3224 /* TheSpoon */ = {
			isa = PBXNativeTarget;
			buildConfigurationList = 1EE7C54B29230BD1004D3224 /* Build configuration list for PBXNativeTarget "TheSpoon" */;
			buildPhases = (
				1EE7C51D29230BD0004D3224 /* Sources */,
				1EE7C51E29230BD0004D3224 /* Frameworks */,
				1EE7C51F29230BD0004D3224 /* Resources */,
			);
			buildRules = (
			);
			dependencies = (
			);
			name = TheSpoon;
			productName = TheSpoon;
			productReference = 1EE7C52129230BD0004D3224 /* TheSpoon.app */;
			productType = "com.apple.product-type.application";
		};
		1EE7C53629230BD1004D3224 /* TheSpoonTests */ = {
			isa = PBXNativeTarget;
			buildConfigurationList = 1EE7C54E29230BD1004D3224 /* Build configuration list for PBXNativeTarget "TheSpoonTests" */;
			buildPhases = (
				1EE7C53329230BD1004D3224 /* Sources */,
				1EE7C53429230BD1004D3224 /* Frameworks */,
				1EE7C53529230BD1004D3224 /* Resources */,
			);
			buildRules = (
			);
			dependencies = (
				1EE7C53929230BD1004D3224 /* PBXTargetDependency */,
			);
			name = TheSpoonTests;
			productName = TheSpoonTests;
			productReference = 1EE7C53729230BD1004D3224 /* TheSpoonTests.xctest */;
			productType = "com.apple.product-type.bundle.unit-test";
		};
/* End PBXNativeTarget section */

/* Begin PBXProject section */
		1EE7C51929230BD0004D3224 /* Project object */ = {
			isa = PBXProject;
			attributes = {
				BuildIndependentTargetsInParallel = 1;
				LastSwiftUpdateCheck = 1410;
				LastUpgradeCheck = 1410;
				TargetAttributes = {
					1EE7C52029230BD0004D3224 = {
						CreatedOnToolsVersion = 14.1;
					};
					1EE7C53629230BD1004D3224 = {
						CreatedOnToolsVersion = 14.1;
						LastSwiftMigration = 1410;
						TestTargetID = 1EE7C52029230BD0004D3224;
					};
				};
			};
			buildConfigurationList = 1EE7C51C29230BD0004D3224 /* Build configuration list for PBXProject "TheSpoon" */;
			compatibilityVersion = "Xcode 14.0";
			developmentRegion = en;
			hasScannedForEncodings = 0;
			knownRegions = (
				en,
				Base,
			);
			mainGroup = 1EE7C51829230BD0004D3224;
			productRefGroup = 1EE7C52229230BD0004D3224 /* Products */;
			projectDirPath = "";
			projectRoot = "";
			targets = (
				1EE7C52029230BD0004D3224 /* TheSpoon */,
				1EE7C53629230BD1004D3224 /* TheSpoonTests */,
			);
		};
/* End PBXProject section */

/* Begin PBXResourcesBuildPhase section */
		1EE7C51F29230BD0004D3224 /* Resources */ = {
			isa = PBXResourcesBuildPhase;
			buildActionMask = 2147483647;
			files = (
				1EE7C53129230BD1004D3224 /* LaunchScreen.storyboard in Resources */,
				1EE7C52E29230BD1004D3224 /* Assets.xcassets in Resources */,
			);
			runOnlyForDeploymentPostprocessing = 0;
		};
		1EE7C53529230BD1004D3224 /* Resources */ = {
			isa = PBXResourcesBuildPhase;
			buildActionMask = 2147483647;
			files = (
			);
			runOnlyForDeploymentPostprocessing = 0;
		};
/* End PBXResourcesBuildPhase section */

/* Begin PBXSourcesBuildPhase section */
		1EE7C51D29230BD0004D3224 /* Sources */ = {
			isa = PBXSourcesBuildPhase;
			buildActionMask = 2147483647;
			files = (
				1EE7C55929230F29004D3224 /* SPNRestaurantStore.swift in Sources */,
				1E3D31AA2929748A007A60CB /* SPNSortingOptions.swift in Sources */,
				1EE7C55B29230F63004D3224 /* SPNRestaurantDTO.swift in Sources */,
				1EE7C5742924187C004D3224 /* SPNRestaurantAddressEntity.swift in Sources */,
				1EE7C55729230E57004D3224 /* SPNRestaurantListTableViewCell.swift in Sources */,
				1EE7C58629245049004D3224 /* SPNRestaurantPhotosDTO.swift in Sources */,
				1EE7C55F292310FE004D3224 /* SPNRestaurantPayloadDTO.swift in Sources */,
				1EE7C55529230CBC004D3224 /* SPNRestaurantListViewController.swift in Sources */,
				1EA528552928267700385DAB /* SPNRestaurantRatingEntity.swift in Sources */,
				1EE7C56729240FA7004D3224 /* SPNRestaurantRatingDTO.swift in Sources */,
				1EE7C55D29230F8B004D3224 /* SPNRestaurantAPI.swift in Sources */,
				1EE7C58429244DFF004D3224 /* SPNRestaurantListTableViewModel.swift in Sources */,
				1EE7C56E29241703004D3224 /* SPNRestaurantListRepository.swift in Sources */,
				1EE7C57229241765004D3224 /* SPNRestaurantListRemoteRepository.swift in Sources */,
				1E3D31A829296EA2007A60CB /* SPNError.swift in Sources */,
				1EE7C56A29241163004D3224 /* SPNRestaurantAggregateRatingsDTO.swift in Sources */,
				1EE7C58A292453D0004D3224 /* SPNRestaurantPhotoEntity.swift in Sources */,
				1E3D31AD292975D3007A60CB /* SPNRestaurantDetailItemView.swift in Sources */,
				1EE7C57A29241A4B004D3224 /* HasRestaurantRepository.swift in Sources */,
				1EE7C57029241741004D3224 /* SPNRestaurantEntity.swift in Sources */,
				1EE7C57729241A18004D3224 /* SPNRestaurantListDependencyContainer.swift in Sources */,
				1EE7C58829245251004D3224 /* SPNRestaurantPhotoDTO.swift in Sources */,
				1EE7C56329240EC8004D3224 /* SPNRestaurantAddressDTO.swift in Sources */,
				1EE7C52529230BD0004D3224 /* AppDelegate.swift in Sources */,
				1EE7C57C29241A85004D3224 /* HasRestaurantStore.swift in Sources */,
				1E3D31AF29297788007A60CB /* SPNRestaurantDetailItemType.swift in Sources */,
				1EA5285229281F4C00385DAB /* SPNSortListViewController.swift in Sources */,
				1EE7C56C292416D1004D3224 /* SPNRestaurantListController.swift in Sources */,
				1EE7C56529240F5F004D3224 /* SPNRestaurantBestOfferDTO.swift in Sources */,
			);
			runOnlyForDeploymentPostprocessing = 0;
		};
		1EE7C53329230BD1004D3224 /* Sources */ = {
			isa = PBXSourcesBuildPhase;
			buildActionMask = 2147483647;
			files = (
				1E3D31B8292AA967007A60CB /* TestSPNRestaurantListTableViewModel.swift in Sources */,
				1E3D31BB292AA991007A60CB /* SPNRestaurantListMockRepository.swift in Sources */,
				1E3D31B6292AA953007A60CB /* TestSPNRestaurantListController.swift in Sources */,
			);
			runOnlyForDeploymentPostprocessing = 0;
		};
/* End PBXSourcesBuildPhase section */

/* Begin PBXTargetDependency section */
		1EE7C53929230BD1004D3224 /* PBXTargetDependency */ = {
			isa = PBXTargetDependency;
			target = 1EE7C52029230BD0004D3224 /* TheSpoon */;
			targetProxy = 1EE7C53829230BD1004D3224 /* PBXContainerItemProxy */;
		};
/* End PBXTargetDependency section */

/* Begin PBXVariantGroup section */
		1EE7C52F29230BD1004D3224 /* LaunchScreen.storyboard */ = {
			isa = PBXVariantGroup;
			children = (
				1EE7C53029230BD1004D3224 /* Base */,
			);
			name = LaunchScreen.storyboard;
			sourceTree = "<group>";
		};
/* End PBXVariantGroup section */

/* Begin XCBuildConfiguration section */
		1EE7C54929230BD1004D3224 /* Debug */ = {
			isa = XCBuildConfiguration;
			buildSettings = {
				ALWAYS_SEARCH_USER_PATHS = NO;
				CLANG_ANALYZER_NONNULL = YES;
				CLANG_ANALYZER_NUMBER_OBJECT_CONVERSION = YES_AGGRESSIVE;
				CLANG_CXX_LANGUAGE_STANDARD = "gnu++20";
				CLANG_ENABLE_MODULES = YES;
				CLANG_ENABLE_OBJC_ARC = YES;
				CLANG_ENABLE_OBJC_WEAK = YES;
				CLANG_WARN_BLOCK_CAPTURE_AUTORELEASING = YES;
				CLANG_WARN_BOOL_CONVERSION = YES;
				CLANG_WARN_COMMA = YES;
				CLANG_WARN_CONSTANT_CONVERSION = YES;
				CLANG_WARN_DEPRECATED_OBJC_IMPLEMENTATIONS = YES;
				CLANG_WARN_DIRECT_OBJC_ISA_USAGE = YES_ERROR;
				CLANG_WARN_DOCUMENTATION_COMMENTS = YES;
				CLANG_WARN_EMPTY_BODY = YES;
				CLANG_WARN_ENUM_CONVERSION = YES;
				CLANG_WARN_INFINITE_RECURSION = YES;
				CLANG_WARN_INT_CONVERSION = YES;
				CLANG_WARN_NON_LITERAL_NULL_CONVERSION = YES;
				CLANG_WARN_OBJC_IMPLICIT_RETAIN_SELF = YES;
				CLANG_WARN_OBJC_LITERAL_CONVERSION = YES;
				CLANG_WARN_OBJC_ROOT_CLASS = YES_ERROR;
				CLANG_WARN_QUOTED_INCLUDE_IN_FRAMEWORK_HEADER = YES;
				CLANG_WARN_RANGE_LOOP_ANALYSIS = YES;
				CLANG_WARN_STRICT_PROTOTYPES = YES;
				CLANG_WARN_SUSPICIOUS_MOVE = YES;
				CLANG_WARN_UNGUARDED_AVAILABILITY = YES_AGGRESSIVE;
				CLANG_WARN_UNREACHABLE_CODE = YES;
				CLANG_WARN__DUPLICATE_METHOD_MATCH = YES;
				COPY_PHASE_STRIP = NO;
				DEBUG_INFORMATION_FORMAT = dwarf;
				ENABLE_STRICT_OBJC_MSGSEND = YES;
				ENABLE_TESTABILITY = YES;
				GCC_C_LANGUAGE_STANDARD = gnu11;
				GCC_DYNAMIC_NO_PIC = NO;
				GCC_NO_COMMON_BLOCKS = YES;
				GCC_OPTIMIZATION_LEVEL = 0;
				GCC_PREPROCESSOR_DEFINITIONS = (
					"DEBUG=1",
					"$(inherited)",
				);
				GCC_WARN_64_TO_32_BIT_CONVERSION = YES;
				GCC_WARN_ABOUT_RETURN_TYPE = YES_ERROR;
				GCC_WARN_UNDECLARED_SELECTOR = YES;
				GCC_WARN_UNINITIALIZED_AUTOS = YES_AGGRESSIVE;
				GCC_WARN_UNUSED_FUNCTION = YES;
				GCC_WARN_UNUSED_VARIABLE = YES;
				IPHONEOS_DEPLOYMENT_TARGET = 16.1;
				MTL_ENABLE_DEBUG_INFO = INCLUDE_SOURCE;
				MTL_FAST_MATH = YES;
				ONLY_ACTIVE_ARCH = YES;
				SDKROOT = iphoneos;
				SWIFT_ACTIVE_COMPILATION_CONDITIONS = DEBUG;
				SWIFT_OPTIMIZATION_LEVEL = "-Onone";
			};
			name = Debug;
		};
		1EE7C54A29230BD1004D3224 /* Release */ = {
			isa = XCBuildConfiguration;
			buildSettings = {
				ALWAYS_SEARCH_USER_PATHS = NO;
				CLANG_ANALYZER_NONNULL = YES;
				CLANG_ANALYZER_NUMBER_OBJECT_CONVERSION = YES_AGGRESSIVE;
				CLANG_CXX_LANGUAGE_STANDARD = "gnu++20";
				CLANG_ENABLE_MODULES = YES;
				CLANG_ENABLE_OBJC_ARC = YES;
				CLANG_ENABLE_OBJC_WEAK = YES;
				CLANG_WARN_BLOCK_CAPTURE_AUTORELEASING = YES;
				CLANG_WARN_BOOL_CONVERSION = YES;
				CLANG_WARN_COMMA = YES;
				CLANG_WARN_CONSTANT_CONVERSION = YES;
				CLANG_WARN_DEPRECATED_OBJC_IMPLEMENTATIONS = YES;
				CLANG_WARN_DIRECT_OBJC_ISA_USAGE = YES_ERROR;
				CLANG_WARN_DOCUMENTATION_COMMENTS = YES;
				CLANG_WARN_EMPTY_BODY = YES;
				CLANG_WARN_ENUM_CONVERSION = YES;
				CLANG_WARN_INFINITE_RECURSION = YES;
				CLANG_WARN_INT_CONVERSION = YES;
				CLANG_WARN_NON_LITERAL_NULL_CONVERSION = YES;
				CLANG_WARN_OBJC_IMPLICIT_RETAIN_SELF = YES;
				CLANG_WARN_OBJC_LITERAL_CONVERSION = YES;
				CLANG_WARN_OBJC_ROOT_CLASS = YES_ERROR;
				CLANG_WARN_QUOTED_INCLUDE_IN_FRAMEWORK_HEADER = YES;
				CLANG_WARN_RANGE_LOOP_ANALYSIS = YES;
				CLANG_WARN_STRICT_PROTOTYPES = YES;
				CLANG_WARN_SUSPICIOUS_MOVE = YES;
				CLANG_WARN_UNGUARDED_AVAILABILITY = YES_AGGRESSIVE;
				CLANG_WARN_UNREACHABLE_CODE = YES;
				CLANG_WARN__DUPLICATE_METHOD_MATCH = YES;
				COPY_PHASE_STRIP = NO;
				DEBUG_INFORMATION_FORMAT = "dwarf-with-dsym";
				ENABLE_NS_ASSERTIONS = NO;
				ENABLE_STRICT_OBJC_MSGSEND = YES;
				GCC_C_LANGUAGE_STANDARD = gnu11;
				GCC_NO_COMMON_BLOCKS = YES;
				GCC_WARN_64_TO_32_BIT_CONVERSION = YES;
				GCC_WARN_ABOUT_RETURN_TYPE = YES_ERROR;
				GCC_WARN_UNDECLARED_SELECTOR = YES;
				GCC_WARN_UNINITIALIZED_AUTOS = YES_AGGRESSIVE;
				GCC_WARN_UNUSED_FUNCTION = YES;
				GCC_WARN_UNUSED_VARIABLE = YES;
				IPHONEOS_DEPLOYMENT_TARGET = 16.1;
				MTL_ENABLE_DEBUG_INFO = NO;
				MTL_FAST_MATH = YES;
				SDKROOT = iphoneos;
				SWIFT_COMPILATION_MODE = wholemodule;
				SWIFT_OPTIMIZATION_LEVEL = "-O";
				VALIDATE_PRODUCT = YES;
			};
			name = Release;
		};
		1EE7C54C29230BD1004D3224 /* Debug */ = {
			isa = XCBuildConfiguration;
			buildSettings = {
				ASSETCATALOG_COMPILER_APPICON_NAME = AppIcon;
				ASSETCATALOG_COMPILER_GLOBAL_ACCENT_COLOR_NAME = AccentColor;
				CODE_SIGN_STYLE = Automatic;
				CURRENT_PROJECT_VERSION = 1;
				DEVELOPMENT_TEAM = 6QMV4WSRB3;
				GENERATE_INFOPLIST_FILE = YES;
				INFOPLIST_FILE = TheSpoon/Info.plist;
				INFOPLIST_KEY_LSApplicationCategoryType = "public.app-category.food-and-drink";
				INFOPLIST_KEY_UIApplicationSupportsIndirectInputEvents = YES;
				INFOPLIST_KEY_UILaunchStoryboardName = LaunchScreen;
				INFOPLIST_KEY_UIMainStoryboardFile = "";
				INFOPLIST_KEY_UISupportedInterfaceOrientations_iPad = "UIInterfaceOrientationPortrait UIInterfaceOrientationPortraitUpsideDown UIInterfaceOrientationLandscapeLeft UIInterfaceOrientationLandscapeRight";
				INFOPLIST_KEY_UISupportedInterfaceOrientations_iPhone = "UIInterfaceOrientationPortrait UIInterfaceOrientationLandscapeLeft UIInterfaceOrientationLandscapeRight";
				IPHONEOS_DEPLOYMENT_TARGET = 12.0;
				LD_RUNPATH_SEARCH_PATHS = (
					"$(inherited)",
					"@executable_path/Frameworks",
				);
				MARKETING_VERSION = 1.0;
				PRODUCT_BUNDLE_IDENTIFIER = theSpoon.TheSpoon;
				PRODUCT_NAME = "$(TARGET_NAME)";
				SWIFT_EMIT_LOC_STRINGS = YES;
				SWIFT_VERSION = 5.0;
				TARGETED_DEVICE_FAMILY = "1,2";
			};
			name = Debug;
		};
		1EE7C54D29230BD1004D3224 /* Release */ = {
			isa = XCBuildConfiguration;
			buildSettings = {
				ASSETCATALOG_COMPILER_APPICON_NAME = AppIcon;
				ASSETCATALOG_COMPILER_GLOBAL_ACCENT_COLOR_NAME = AccentColor;
				CODE_SIGN_STYLE = Automatic;
				CURRENT_PROJECT_VERSION = 1;
				DEVELOPMENT_TEAM = 6QMV4WSRB3;
				GENERATE_INFOPLIST_FILE = YES;
				INFOPLIST_FILE = TheSpoon/Info.plist;
				INFOPLIST_KEY_LSApplicationCategoryType = "public.app-category.food-and-drink";
				INFOPLIST_KEY_UIApplicationSupportsIndirectInputEvents = YES;
				INFOPLIST_KEY_UILaunchStoryboardName = LaunchScreen;
				INFOPLIST_KEY_UIMainStoryboardFile = "";
				INFOPLIST_KEY_UISupportedInterfaceOrientations_iPad = "UIInterfaceOrientationPortrait UIInterfaceOrientationPortraitUpsideDown UIInterfaceOrientationLandscapeLeft UIInterfaceOrientationLandscapeRight";
				INFOPLIST_KEY_UISupportedInterfaceOrientations_iPhone = "UIInterfaceOrientationPortrait UIInterfaceOrientationLandscapeLeft UIInterfaceOrientationLandscapeRight";
				IPHONEOS_DEPLOYMENT_TARGET = 12.0;
				LD_RUNPATH_SEARCH_PATHS = (
					"$(inherited)",
					"@executable_path/Frameworks",
				);
				MARKETING_VERSION = 1.0;
				PRODUCT_BUNDLE_IDENTIFIER = theSpoon.TheSpoon;
				PRODUCT_NAME = "$(TARGET_NAME)";
				SWIFT_EMIT_LOC_STRINGS = YES;
				SWIFT_VERSION = 5.0;
				TARGETED_DEVICE_FAMILY = "1,2";
			};
			name = Release;
		};
		1EE7C54F29230BD1004D3224 /* Debug */ = {
			isa = XCBuildConfiguration;
			buildSettings = {
				ALWAYS_EMBED_SWIFT_STANDARD_LIBRARIES = YES;
				BUNDLE_LOADER = "$(TEST_HOST)";
				CLANG_ENABLE_MODULES = YES;
				CODE_SIGN_STYLE = Automatic;
				CURRENT_PROJECT_VERSION = 1;
				DEVELOPMENT_TEAM = 6QMV4WSRB3;
				GENERATE_INFOPLIST_FILE = YES;
				IPHONEOS_DEPLOYMENT_TARGET = 16.1;
				LD_RUNPATH_SEARCH_PATHS = (
					"$(inherited)",
					"@executable_path/Frameworks",
					"@loader_path/Frameworks",
				);
				MARKETING_VERSION = 1.0;
				PRODUCT_BUNDLE_IDENTIFIER = theSpoon.TheSpoonTests;
				PRODUCT_NAME = "$(TARGET_NAME)";
				SWIFT_EMIT_LOC_STRINGS = NO;
				SWIFT_OPTIMIZATION_LEVEL = "-Onone";
				SWIFT_VERSION = 5.0;
				TARGETED_DEVICE_FAMILY = "1,2";
				TEST_HOST = "$(BUILT_PRODUCTS_DIR)/TheSpoon.app/$(BUNDLE_EXECUTABLE_FOLDER_PATH)/TheSpoon";
			};
			name = Debug;
		};
		1EE7C55029230BD1004D3224 /* Release */ = {
			isa = XCBuildConfiguration;
			buildSettings = {
				ALWAYS_EMBED_SWIFT_STANDARD_LIBRARIES = YES;
				BUNDLE_LOADER = "$(TEST_HOST)";
				CLANG_ENABLE_MODULES = YES;
				CODE_SIGN_STYLE = Automatic;
				CURRENT_PROJECT_VERSION = 1;
				DEVELOPMENT_TEAM = 6QMV4WSRB3;
				GENERATE_INFOPLIST_FILE = YES;
				IPHONEOS_DEPLOYMENT_TARGET = 16.1;
				LD_RUNPATH_SEARCH_PATHS = (
					"$(inherited)",
					"@executable_path/Frameworks",
					"@loader_path/Frameworks",
				);
				MARKETING_VERSION = 1.0;
				PRODUCT_BUNDLE_IDENTIFIER = theSpoon.TheSpoonTests;
				PRODUCT_NAME = "$(TARGET_NAME)";
				SWIFT_EMIT_LOC_STRINGS = NO;
				SWIFT_VERSION = 5.0;
				TARGETED_DEVICE_FAMILY = "1,2";
				TEST_HOST = "$(BUILT_PRODUCTS_DIR)/TheSpoon.app/$(BUNDLE_EXECUTABLE_FOLDER_PATH)/TheSpoon";
			};
			name = Release;
		};
/* End XCBuildConfiguration section */

/* Begin XCConfigurationList section */
		1EE7C51C29230BD0004D3224 /* Build configuration list for PBXProject "TheSpoon" */ = {
			isa = XCConfigurationList;
			buildConfigurations = (
				1EE7C54929230BD1004D3224 /* Debug */,
				1EE7C54A29230BD1004D3224 /* Release */,
			);
			defaultConfigurationIsVisible = 0;
			defaultConfigurationName = Release;
		};
		1EE7C54B29230BD1004D3224 /* Build configuration list for PBXNativeTarget "TheSpoon" */ = {
			isa = XCConfigurationList;
			buildConfigurations = (
				1EE7C54C29230BD1004D3224 /* Debug */,
				1EE7C54D29230BD1004D3224 /* Release */,
			);
			defaultConfigurationIsVisible = 0;
			defaultConfigurationName = Release;
		};
		1EE7C54E29230BD1004D3224 /* Build configuration list for PBXNativeTarget "TheSpoonTests" */ = {
			isa = XCConfigurationList;
			buildConfigurations = (
				1EE7C54F29230BD1004D3224 /* Debug */,
				1EE7C55029230BD1004D3224 /* Release */,
			);
			defaultConfigurationIsVisible = 0;
			defaultConfigurationName = Release;
		};
/* End XCConfigurationList section */
	};
	rootObject = 1EE7C51929230BD0004D3224 /* Project object */;
}
